PODS:
  - SDOSSwiftExtension (1.0.2):
    - SDOSSwiftExtension/SwiftExtension (= 1.0.2)
  - SDOSSwiftExtension/SwiftExtension (1.0.2)

DEPENDENCIES:
  - SDOSSwiftExtension (from `../../`)

EXTERNAL SOURCES:
  SDOSSwiftExtension:
    :path: "../../"

SPEC CHECKSUMS:
  SDOSSwiftExtension: 19d2c59deda52f39673f0039de6f82c86422c9c5

PODFILE CHECKSUM: 7522c46805dc81eeceec116f2ef5b883410b88ad

COCOAPODS: 1.9.3
