PODS:
  - SDOSSwiftExtension (0.9.0):
    - SDOSSwiftExtension/SwiftExtension (= 0.9.0)
  - SDOSSwiftExtension/SwiftExtension (0.9.0)
  - SDOSVIPER (0.9.0):
    - SDOSVIPER/VIPER (= 0.9.0)
  - SDOSVIPER/VIPER (0.9.0)

DEPENDENCIES:
  - SDOSSwiftExtension (from `../../`)
  - SDOSVIPER

SPEC REPOS:
  https://svrgitpub.sdos.es/iOS/cocoapods-specs.git:
    - SDOSVIPER

EXTERNAL SOURCES:
  SDOSSwiftExtension:
    :path: "../../"

SPEC CHECKSUMS:
  SDOSSwiftExtension: b7f72a0b78b246d082b188fd34b45194a1a9e818
  SDOSVIPER: 3ad1fa9e2e6ae909892d28e3616116cb2a59a62d

PODFILE CHECKSUM: a42d884e320d3d4b3057c5bac9989d0736be7fd9

COCOAPODS: 1.5.3
